
Microsoft Visual Studio Solution File, Format Version 12.00
# Visual Studio Version 17
VisualStudioVersion = 17.0.32014.148
MinimumVisualStudioVersion = 10.0.40219.1
Project("{FAE04EC0-301F-11D3-BF4B-00C04F79EFBC}") = "M2Sync.Android", "M2Sync\M2Sync.Android\M2Sync.Android.csproj", "{3BD031BF-C5E3-4D88-9DF9-F6678A551DC8}"
EndProject
Project("{FAE04EC0-301F-11D3-BF4B-00C04F79EFBC}") = "M2Sync", "M2Sync\M2Sync\M2Sync.csproj", "{64933C9F-753E-43A7-8ADD-70422D82AB2B}"
EndProject
Project("{FAE04EC0-301F-11D3-BF4B-00C04F79EFBC}") = "M2Sync.Windows", "M2Sync.Windows\M2Sync.Windows.csproj", "{A7673C39-735F-4CF7-8D51-F554FF8CC4C0}"
EndProject
Global
	GlobalSection(SolutionConfigurationPlatforms) = preSolution
		Debug|Any CPU = Debug|Any CPU
		Release|Any CPU = Release|Any CPU
	EndGlobalSection
	GlobalSection(ProjectConfigurationPlatforms) = postSolution
		{3BD031BF-C5E3-4D88-9DF9-F6678A551DC8}.Debug|Any CPU.ActiveCfg = Debug|Any CPU
		{3BD031BF-C5E3-4D88-9DF9-F6678A551DC8}.Debug|Any CPU.Build.0 = Debug|Any CPU
		{3BD031BF-C5E3-4D88-9DF9-F6678A551DC8}.Debug|Any CPU.Deploy.0 = Debug|Any CPU
		{3BD031BF-C5E3-4D88-9DF9-F6678A551DC8}.Release|Any CPU.ActiveCfg = Release|Any CPU
		{3BD031BF-C5E3-4D88-9DF9-F6678A551DC8}.Release|Any CPU.Build.0 = Release|Any CPU
		{3BD031BF-C5E3-4D88-9DF9-F6678A551DC8}.Release|Any CPU.Deploy.0 = Release|Any CPU
		{64933C9F-753E-43A7-8ADD-70422D82AB2B}.Debug|Any CPU.ActiveCfg = Debug|Any CPU
		{64933C9F-753E-43A7-8ADD-70422D82AB2B}.Debug|Any CPU.Build.0 = Debug|Any CPU
		{64933C9F-753E-43A7-8ADD-70422D82AB2B}.Debug|Any CPU.Deploy.0 = Debug|Any CPU
		{64933C9F-753E-43A7-8ADD-70422D82AB2B}.Release|Any CPU.ActiveCfg = Release|Any CPU
		{64933C9F-753E-43A7-8ADD-70422D82AB2B}.Release|Any CPU.Build.0 = Release|Any CPU
		{64933C9F-753E-43A7-8ADD-70422D82AB2B}.Release|Any CPU.Deploy.0 = Release|Any CPU
		{A7673C39-735F-4CF7-8D51-F554FF8CC4C0}.Debug|Any CPU.ActiveCfg = Debug|Any CPU
		{A7673C39-735F-4CF7-8D51-F554FF8CC4C0}.Debug|Any CPU.Build.0 = Debug|Any CPU
		{A7673C39-735F-4CF7-8D51-F554FF8CC4C0}.Release|Any CPU.ActiveCfg = Release|Any CPU
		{A7673C39-735F-4CF7-8D51-F554FF8CC4C0}.Release|Any CPU.Build.0 = Release|Any CPU
	EndGlobalSection
	GlobalSection(SolutionProperties) = preSolution
		HideSolutionNode = FALSE
	EndGlobalSection
	GlobalSection(ExtensibilityGlobals) = postSolution
		SolutionGuid = {0562D6DC-6236-4738-821F-1CBFFB1A22AE}
	EndGlobalSection
EndGlobal
